
Microsoft Visual Studio Solution File, Format Version 12.00
# Visual Studio 15
VisualStudioVersion = 15.0.26430.15
MinimumVisualStudioVersion = 10.0.40219.1
Project("{FAE04EC0-301F-11D3-BF4B-00C04F79EFBC}") = "Example01", "Example02\Example01.csproj", "{4F21BCE4-1234-40EC-8925-8DE057A239A7}"
EndProject
Project("{FAE04EC0-301F-11D3-BF4B-00C04F79EFBC}") = "Example2", "Example2\Example2.csproj", "{BC9BC937-5ADD-4783-A0AA-4CAC86C9F7B3}"
EndProject
Project("{FAE04EC0-301F-11D3-BF4B-00C04F79EFBC}") = "Example3", "Example3\Example3.csproj", "{63321CCA-E45D-4096-9A83-9EBA4FB30D17}"
EndProject
Global
	GlobalSection(SolutionConfigurationPlatforms) = preSolution
		Debug|Any CPU = Debug|Any CPU
		Release|Any CPU = Release|Any CPU
	EndGlobalSection
	GlobalSection(ProjectConfigurationPlatforms) = postSolution
		{4F21BCE4-1234-40EC-8925-8DE057A239A7}.Debug|Any CPU.ActiveCfg = Debug|Any CPU
		{4F21BCE4-1234-40EC-8925-8DE057A239A7}.Debug|Any CPU.Build.0 = Debug|Any CPU
		{4F21BCE4-1234-40EC-8925-8DE057A239A7}.Release|Any CPU.ActiveCfg = Release|Any CPU
		{4F21BCE4-1234-40EC-8925-8DE057A239A7}.Release|Any CPU.Build.0 = Release|Any CPU
		{BC9BC937-5ADD-4783-A0AA-4CAC86C9F7B3}.Debug|Any CPU.ActiveCfg = Debug|Any CPU
		{BC9BC937-5ADD-4783-A0AA-4CAC86C9F7B3}.Debug|Any CPU.Build.0 = Debug|Any CPU
		{BC9BC937-5ADD-4783-A0AA-4CAC86C9F7B3}.Release|Any CPU.ActiveCfg = Release|Any CPU
		{BC9BC937-5ADD-4783-A0AA-4CAC86C9F7B3}.Release|Any CPU.Build.0 = Release|Any CPU
		{63321CCA-E45D-4096-9A83-9EBA4FB30D17}.Debug|Any CPU.ActiveCfg = Debug|Any CPU
		{63321CCA-E45D-4096-9A83-9EBA4FB30D17}.Debug|Any CPU.Build.0 = Debug|Any CPU
		{63321CCA-E45D-4096-9A83-9EBA4FB30D17}.Release|Any CPU.ActiveCfg = Release|Any CPU
		{63321CCA-E45D-4096-9A83-9EBA4FB30D17}.Release|Any CPU.Build.0 = Release|Any CPU
	EndGlobalSection
	GlobalSection(SolutionProperties) = preSolution
		HideSolutionNode = FALSE
	EndGlobalSection
EndGlobal
